
Microsoft Visual Studio Solution File, Format Version 12.00
# Visual Studio Version 16
VisualStudioVersion = 16.0.30104.148
MinimumVisualStudioVersion = 10.0.40219.1
Project("{FAE04EC0-301F-11D3-BF4B-00C04F79EFBC}") = "App1_ConsultarCep.UWP", "App1_ConsultarCep.UWP\App1_ConsultarCep.UWP.csproj", "{956AE64D-4CD5-4C8C-A954-DD3A0846D4AA}"
EndProject
Project("{FAE04EC0-301F-11D3-BF4B-00C04F79EFBC}") = "App1_ConsultarCep.Android", "App1_ConsultarCep.Android\App1_ConsultarCep.Android.csproj", "{257848C9-FA5D-4FF0-966F-92C3511F98C4}"
EndProject
Project("{FAE04EC0-301F-11D3-BF4B-00C04F79EFBC}") = "App1_ConsultarCep.iOS", "App1_ConsultarCep.iOS\App1_ConsultarCep.iOS.csproj", "{BD1DE0FE-D93F-44F8-B50E-03BE92805BF1}"
EndProject
Project("{FAE04EC0-301F-11D3-BF4B-00C04F79EFBC}") = "App1_ConsultarCep", "App1_ConsultarCep\App1_ConsultarCep.csproj", "{72724F4C-AAFA-4455-857D-E9B680867B30}"
EndProject
Global
	GlobalSection(SolutionConfigurationPlatforms) = preSolution
		Debug|Any CPU = Debug|Any CPU
		Debug|ARM = Debug|ARM
		Debug|iPhone = Debug|iPhone
		Debug|iPhoneSimulator = Debug|iPhoneSimulator
		Debug|x64 = Debug|x64
		Debug|x86 = Debug|x86
		Release|Any CPU = Release|Any CPU
		Release|ARM = Release|ARM
		Release|iPhone = Release|iPhone
		Release|iPhoneSimulator = Release|iPhoneSimulator
		Release|x64 = Release|x64
		Release|x86 = Release|x86
	EndGlobalSection
	GlobalSection(ProjectConfigurationPlatforms) = postSolution
		{956AE64D-4CD5-4C8C-A954-DD3A0846D4AA}.Debug|Any CPU.ActiveCfg = Debug|x86
		{956AE64D-4CD5-4C8C-A954-DD3A0846D4AA}.Debug|Any CPU.Build.0 = Debug|x86
		{956AE64D-4CD5-4C8C-A954-DD3A0846D4AA}.Debug|Any CPU.Deploy.0 = Debug|x86
		{956AE64D-4CD5-4C8C-A954-DD3A0846D4AA}.Debug|ARM.ActiveCfg = Debug|ARM
		{956AE64D-4CD5-4C8C-A954-DD3A0846D4AA}.Debug|ARM.Build.0 = Debug|ARM
		{956AE64D-4CD5-4C8C-A954-DD3A0846D4AA}.Debug|ARM.Deploy.0 = Debug|ARM
		{956AE64D-4CD5-4C8C-A954-DD3A0846D4AA}.Debug|iPhone.ActiveCfg = Debug|x86
		{956AE64D-4CD5-4C8C-A954-DD3A0846D4AA}.Debug|iPhone.Build.0 = Debug|x86
		{956AE64D-4CD5-4C8C-A954-DD3A0846D4AA}.Debug|iPhone.Deploy.0 = Debug|x86
		{956AE64D-4CD5-4C8C-A954-DD3A0846D4AA}.Debug|iPhoneSimulator.ActiveCfg = Debug|x86
		{956AE64D-4CD5-4C8C-A954-DD3A0846D4AA}.Debug|iPhoneSimulator.Build.0 = Debug|x86
		{956AE64D-4CD5-4C8C-A954-DD3A0846D4AA}.Debug|iPhoneSimulator.Deploy.0 = Debug|x86
		{956AE64D-4CD5-4C8C-A954-DD3A0846D4AA}.Debug|x64.ActiveCfg = Debug|x64
		{956AE64D-4CD5-4C8C-A954-DD3A0846D4AA}.Debug|x64.Build.0 = Debug|x64
		{956AE64D-4CD5-4C8C-A954-DD3A0846D4AA}.Debug|x64.Deploy.0 = Debug|x64
		{956AE64D-4CD5-4C8C-A954-DD3A0846D4AA}.Debug|x86.ActiveCfg = Debug|x86
		{956AE64D-4CD5-4C8C-A954-DD3A0846D4AA}.Debug|x86.Build.0 = Debug|x86
		{956AE64D-4CD5-4C8C-A954-DD3A0846D4AA}.Debug|x86.Deploy.0 = Debug|x86
		{956AE64D-4CD5-4C8C-A954-DD3A0846D4AA}.Release|Any CPU.ActiveCfg = Release|x86
		{956AE64D-4CD5-4C8C-A954-DD3A0846D4AA}.Release|Any CPU.Build.0 = Release|x86
		{956AE64D-4CD5-4C8C-A954-DD3A0846D4AA}.Release|Any CPU.Deploy.0 = Release|x86
		{956AE64D-4CD5-4C8C-A954-DD3A0846D4AA}.Release|ARM.ActiveCfg = Release|ARM
		{956AE64D-4CD5-4C8C-A954-DD3A0846D4AA}.Release|ARM.Build.0 = Release|ARM
		{956AE64D-4CD5-4C8C-A954-DD3A0846D4AA}.Release|ARM.Deploy.0 = Release|ARM
		{956AE64D-4CD5-4C8C-A954-DD3A0846D4AA}.Release|iPhone.ActiveCfg = Release|x86
		{956AE64D-4CD5-4C8C-A954-DD3A0846D4AA}.Release|iPhone.Build.0 = Release|x86
		{956AE64D-4CD5-4C8C-A954-DD3A0846D4AA}.Release|iPhone.Deploy.0 = Release|x86
		{956AE64D-4CD5-4C8C-A954-DD3A0846D4AA}.Release|iPhoneSimulator.ActiveCfg = Release|x86
		{956AE64D-4CD5-4C8C-A954-DD3A0846D4AA}.Release|iPhoneSimulator.Build.0 = Release|x86
		{956AE64D-4CD5-4C8C-A954-DD3A0846D4AA}.Release|iPhoneSimulator.Deploy.0 = Release|x86
		{956AE64D-4CD5-4C8C-A954-DD3A0846D4AA}.Release|x64.ActiveCfg = Release|x64
		{956AE64D-4CD5-4C8C-A954-DD3A0846D4AA}.Release|x64.Build.0 = Release|x64
		{956AE64D-4CD5-4C8C-A954-DD3A0846D4AA}.Release|x64.Deploy.0 = Release|x64
		{956AE64D-4CD5-4C8C-A954-DD3A0846D4AA}.Release|x86.ActiveCfg = Release|x86
		{956AE64D-4CD5-4C8C-A954-DD3A0846D4AA}.Release|x86.Build.0 = Release|x86
		{956AE64D-4CD5-4C8C-A954-DD3A0846D4AA}.Release|x86.Deploy.0 = Release|x86
		{257848C9-FA5D-4FF0-966F-92C3511F98C4}.Debug|Any CPU.ActiveCfg = Debug|Any CPU
		{257848C9-FA5D-4FF0-966F-92C3511F98C4}.Debug|Any CPU.Build.0 = Debug|Any CPU
		{257848C9-FA5D-4FF0-966F-92C3511F98C4}.Debug|Any CPU.Deploy.0 = Debug|Any CPU
		{257848C9-FA5D-4FF0-966F-92C3511F98C4}.Debug|ARM.ActiveCfg = Debug|Any CPU
		{257848C9-FA5D-4FF0-966F-92C3511F98C4}.Debug|ARM.Build.0 = Debug|Any CPU
		{257848C9-FA5D-4FF0-966F-92C3511F98C4}.Debug|ARM.Deploy.0 = Debug|Any CPU
		{257848C9-FA5D-4FF0-966F-92C3511F98C4}.Debug|iPhone.ActiveCfg = Debug|Any CPU
		{257848C9-FA5D-4FF0-966F-92C3511F98C4}.Debug|iPhone.Build.0 = Debug|Any CPU
		{257848C9-FA5D-4FF0-966F-92C3511F98C4}.Debug|iPhone.Deploy.0 = Debug|Any CPU
		{257848C9-FA5D-4FF0-966F-92C3511F98C4}.Debug|iPhoneSimulator.ActiveCfg = Debug|Any CPU
		{257848C9-FA5D-4FF0-966F-92C3511F98C4}.Debug|iPhoneSimulator.Build.0 = Debug|Any CPU
		{257848C9-FA5D-4FF0-966F-92C3511F98C4}.Debug|iPhoneSimulator.Deploy.0 = Debug|Any CPU
		{257848C9-FA5D-4FF0-966F-92C3511F98C4}.Debug|x64.ActiveCfg = Debug|Any CPU
		{257848C9-FA5D-4FF0-966F-92C3511F98C4}.Debug|x64.Build.0 = Debug|Any CPU
		{257848C9-FA5D-4FF0-966F-92C3511F98C4}.Debug|x64.Deploy.0 = Debug|Any CPU
		{257848C9-FA5D-4FF0-966F-92C3511F98C4}.Debug|x86.ActiveCfg = Debug|Any CPU
		{257848C9-FA5D-4FF0-966F-92C3511F98C4}.Debug|x86.Build.0 = Debug|Any CPU
		{257848C9-FA5D-4FF0-966F-92C3511F98C4}.Debug|x86.Deploy.0 = Debug|Any CPU
		{257848C9-FA5D-4FF0-966F-92C3511F98C4}.Release|Any CPU.ActiveCfg = Release|Any CPU
		{257848C9-FA5D-4FF0-966F-92C3511F98C4}.Release|Any CPU.Build.0 = Release|Any CPU
		{257848C9-FA5D-4FF0-966F-92C3511F98C4}.Release|Any CPU.Deploy.0 = Release|Any CPU
		{257848C9-FA5D-4FF0-966F-92C3511F98C4}.Release|ARM.ActiveCfg = Release|Any CPU
		{257848C9-FA5D-4FF0-966F-92C3511F98C4}.Release|ARM.Build.0 = Release|Any CPU
		{257848C9-FA5D-4FF0-966F-92C3511F98C4}.Release|ARM.Deploy.0 = Release|Any CPU
		{257848C9-FA5D-4FF0-966F-92C3511F98C4}.Release|iPhone.ActiveCfg = Release|Any CPU
		{257848C9-FA5D-4FF0-966F-92C3511F98C4}.Release|iPhone.Build.0 = Release|Any CPU
		{257848C9-FA5D-4FF0-966F-92C3511F98C4}.Release|iPhone.Deploy.0 = Release|Any CPU
		{257848C9-FA5D-4FF0-966F-92C3511F98C4}.Release|iPhoneSimulator.ActiveCfg = Release|Any CPU
		{257848C9-FA5D-4FF0-966F-92C3511F98C4}.Release|iPhoneSimulator.Build.0 = Release|Any CPU
		{257848C9-FA5D-4FF0-966F-92C3511F98C4}.Release|iPhoneSimulator.Deploy.0 = Release|Any CPU
		{257848C9-FA5D-4FF0-966F-92C3511F98C4}.Release|x64.ActiveCfg = Release|Any CPU
		{257848C9-FA5D-4FF0-966F-92C3511F98C4}.Release|x64.Build.0 = Release|Any CPU
		{257848C9-FA5D-4FF0-966F-92C3511F98C4}.Release|x64.Deploy.0 = Release|Any CPU
		{257848C9-FA5D-4FF0-966F-92C3511F98C4}.Release|x86.ActiveCfg = Release|Any CPU
		{257848C9-FA5D-4FF0-966F-92C3511F98C4}.Release|x86.Build.0 = Release|Any CPU
		{257848C9-FA5D-4FF0-966F-92C3511F98C4}.Release|x86.Deploy.0 = Release|Any CPU
		{BD1DE0FE-D93F-44F8-B50E-03BE92805BF1}.Debug|Any CPU.ActiveCfg = Debug|iPhone
		{BD1DE0FE-D93F-44F8-B50E-03BE92805BF1}.Debug|Any CPU.Build.0 = Debug|iPhone
		{BD1DE0FE-D93F-44F8-B50E-03BE92805BF1}.Debug|Any CPU.Deploy.0 = Debug|iPhone
		{BD1DE0FE-D93F-44F8-B50E-03BE92805BF1}.Debug|ARM.ActiveCfg = Debug|iPhone
		{BD1DE0FE-D93F-44F8-B50E-03BE92805BF1}.Debug|ARM.Build.0 = Debug|iPhone
		{BD1DE0FE-D93F-44F8-B50E-03BE92805BF1}.Debug|ARM.Deploy.0 = Debug|iPhone
		{BD1DE0FE-D93F-44F8-B50E-03BE92805BF1}.Debug|iPhone.ActiveCfg = Debug|iPhone
		{BD1DE0FE-D93F-44F8-B50E-03BE92805BF1}.Debug|iPhone.Build.0 = Debug|iPhone
		{BD1DE0FE-D93F-44F8-B50E-03BE92805BF1}.Debug|iPhone.Deploy.0 = Debug|iPhone
		{BD1DE0FE-D93F-44F8-B50E-03BE92805BF1}.Debug|iPhoneSimulator.ActiveCfg = Debug|iPhoneSimulator
		{BD1DE0FE-D93F-44F8-B50E-03BE92805BF1}.Debug|iPhoneSimulator.Build.0 = Debug|iPhoneSimulator
		{BD1DE0FE-D93F-44F8-B50E-03BE92805BF1}.Debug|iPhoneSimulator.Deploy.0 = Debug|iPhoneSimulator
		{BD1DE0FE-D93F-44F8-B50E-03BE92805BF1}.Debug|x64.ActiveCfg = Debug|iPhone
		{BD1DE0FE-D93F-44F8-B50E-03BE92805BF1}.Debug|x64.Build.0 = Debug|iPhone
		{BD1DE0FE-D93F-44F8-B50E-03BE92805BF1}.Debug|x64.Deploy.0 = Debug|iPhone
		{BD1DE0FE-D93F-44F8-B50E-03BE92805BF1}.Debug|x86.ActiveCfg = Debug|iPhone
		{BD1DE0FE-D93F-44F8-B50E-03BE92805BF1}.Debug|x86.Build.0 = Debug|iPhone
		{BD1DE0FE-D93F-44F8-B50E-03BE92805BF1}.Debug|x86.Deploy.0 = Debug|iPhone
		{BD1DE0FE-D93F-44F8-B50E-03BE92805BF1}.Release|Any CPU.ActiveCfg = Release|iPhone
		{BD1DE0FE-D93F-44F8-B50E-03BE92805BF1}.Release|Any CPU.Build.0 = Release|iPhone
		{BD1DE0FE-D93F-44F8-B50E-03BE92805BF1}.Release|Any CPU.Deploy.0 = Release|iPhone
		{BD1DE0FE-D93F-44F8-B50E-03BE92805BF1}.Release|ARM.ActiveCfg = Release|iPhone
		{BD1DE0FE-D93F-44F8-B50E-03BE92805BF1}.Release|ARM.Build.0 = Release|iPhone
		{BD1DE0FE-D93F-44F8-B50E-03BE92805BF1}.Release|ARM.Deploy.0 = Release|iPhone
		{BD1DE0FE-D93F-44F8-B50E-03BE92805BF1}.Release|iPhone.ActiveCfg = Release|iPhone
		{BD1DE0FE-D93F-44F8-B50E-03BE92805BF1}.Release|iPhone.Build.0 = Release|iPhone
		{BD1DE0FE-D93F-44F8-B50E-03BE92805BF1}.Release|iPhone.Deploy.0 = Release|iPhone
		{BD1DE0FE-D93F-44F8-B50E-03BE92805BF1}.Release|iPhoneSimulator.ActiveCfg = Release|iPhoneSimulator
		{BD1DE0FE-D93F-44F8-B50E-03BE92805BF1}.Release|iPhoneSimulator.Build.0 = Release|iPhoneSimulator
		{BD1DE0FE-D93F-44F8-B50E-03BE92805BF1}.Release|iPhoneSimulator.Deploy.0 = Release|iPhoneSimulator
		{BD1DE0FE-D93F-44F8-B50E-03BE92805BF1}.Release|x64.ActiveCfg = Release|iPhone
		{BD1DE0FE-D93F-44F8-B50E-03BE92805BF1}.Release|x64.Build.0 = Release|iPhone
		{BD1DE0FE-D93F-44F8-B50E-03BE92805BF1}.Release|x64.Deploy.0 = Release|iPhone
		{BD1DE0FE-D93F-44F8-B50E-03BE92805BF1}.Release|x86.ActiveCfg = Release|iPhone
		{BD1DE0FE-D93F-44F8-B50E-03BE92805BF1}.Release|x86.Build.0 = Release|iPhone
		{BD1DE0FE-D93F-44F8-B50E-03BE92805BF1}.Release|x86.Deploy.0 = Release|iPhone
		{72724F4C-AAFA-4455-857D-E9B680867B30}.Debug|Any CPU.ActiveCfg = Debug|Any CPU
		{72724F4C-AAFA-4455-857D-E9B680867B30}.Debug|Any CPU.Build.0 = Debug|Any CPU
		{72724F4C-AAFA-4455-857D-E9B680867B30}.Debug|Any CPU.Deploy.0 = Debug|Any CPU
		{72724F4C-AAFA-4455-857D-E9B680867B30}.Debug|ARM.ActiveCfg = Debug|Any CPU
		{72724F4C-AAFA-4455-857D-E9B680867B30}.Debug|ARM.Build.0 = Debug|Any CPU
		{72724F4C-AAFA-4455-857D-E9B680867B30}.Debug|ARM.Deploy.0 = Debug|Any CPU
		{72724F4C-AAFA-4455-857D-E9B680867B30}.Debug|iPhone.ActiveCfg = Debug|Any CPU
		{72724F4C-AAFA-4455-857D-E9B680867B30}.Debug|iPhone.Build.0 = Debug|Any CPU
		{72724F4C-AAFA-4455-857D-E9B680867B30}.Debug|iPhone.Deploy.0 = Debug|Any CPU
		{72724F4C-AAFA-4455-857D-E9B680867B30}.Debug|iPhoneSimulator.ActiveCfg = Debug|Any CPU
		{72724F4C-AAFA-4455-857D-E9B680867B30}.Debug|iPhoneSimulator.Build.0 = Debug|Any CPU
		{72724F4C-AAFA-4455-857D-E9B680867B30}.Debug|iPhoneSimulator.Deploy.0 = Debug|Any CPU
		{72724F4C-AAFA-4455-857D-E9B680867B30}.Debug|x64.ActiveCfg = Debug|Any CPU
		{72724F4C-AAFA-4455-857D-E9B680867B30}.Debug|x64.Build.0 = Debug|Any CPU
		{72724F4C-AAFA-4455-857D-E9B680867B30}.Debug|x64.Deploy.0 = Debug|Any CPU
		{72724F4C-AAFA-4455-857D-E9B680867B30}.Debug|x86.ActiveCfg = Debug|Any CPU
		{72724F4C-AAFA-4455-857D-E9B680867B30}.Debug|x86.Build.0 = Debug|Any CPU
		{72724F4C-AAFA-4455-857D-E9B680867B30}.Debug|x86.Deploy.0 = Debug|Any CPU
		{72724F4C-AAFA-4455-857D-E9B680867B30}.Release|Any CPU.ActiveCfg = Release|Any CPU
		{72724F4C-AAFA-4455-857D-E9B680867B30}.Release|Any CPU.Build.0 = Release|Any CPU
		{72724F4C-AAFA-4455-857D-E9B680867B30}.Release|Any CPU.Deploy.0 = Release|Any CPU
		{72724F4C-AAFA-4455-857D-E9B680867B30}.Release|ARM.ActiveCfg = Release|Any CPU
		{72724F4C-AAFA-4455-857D-E9B680867B30}.Release|ARM.Build.0 = Release|Any CPU
		{72724F4C-AAFA-4455-857D-E9B680867B30}.Release|ARM.Deploy.0 = Release|Any CPU
		{72724F4C-AAFA-4455-857D-E9B680867B30}.Release|iPhone.ActiveCfg = Release|Any CPU
		{72724F4C-AAFA-4455-857D-E9B680867B30}.Release|iPhone.Build.0 = Release|Any CPU
		{72724F4C-AAFA-4455-857D-E9B680867B30}.Release|iPhone.Deploy.0 = Release|Any CPU
		{72724F4C-AAFA-4455-857D-E9B680867B30}.Release|iPhoneSimulator.ActiveCfg = Release|Any CPU
		{72724F4C-AAFA-4455-857D-E9B680867B30}.Release|iPhoneSimulator.Build.0 = Release|Any CPU
		{72724F4C-AAFA-4455-857D-E9B680867B30}.Release|iPhoneSimulator.Deploy.0 = Release|Any CPU
		{72724F4C-AAFA-4455-857D-E9B680867B30}.Release|x64.ActiveCfg = Release|Any CPU
		{72724F4C-AAFA-4455-857D-E9B680867B30}.Release|x64.Build.0 = Release|Any CPU
		{72724F4C-AAFA-4455-857D-E9B680867B30}.Release|x64.Deploy.0 = Release|Any CPU
		{72724F4C-AAFA-4455-857D-E9B680867B30}.Release|x86.ActiveCfg = Release|Any CPU
		{72724F4C-AAFA-4455-857D-E9B680867B30}.Release|x86.Build.0 = Release|Any CPU
		{72724F4C-AAFA-4455-857D-E9B680867B30}.Release|x86.Deploy.0 = Release|Any CPU
	EndGlobalSection
	GlobalSection(SolutionProperties) = preSolution
		HideSolutionNode = FALSE
	EndGlobalSection
	GlobalSection(ExtensibilityGlobals) = postSolution
		SolutionGuid = {774AFCD8-A749-4F2E-8FB0-9E3E7882DA72}
	EndGlobalSection
EndGlobal
