
Microsoft Visual Studio Solution File, Format Version 12.00
# Visual Studio Version 16
VisualStudioVersion = 16.0.30225.117
MinimumVisualStudioVersion = 10.0.40219.1
Project("{FAE04EC0-301F-11D3-BF4B-00C04F79EFBC}") = "App1_LayoutXF.UWP", "App1_LayoutXF.UWP\App1_LayoutXF.UWP.csproj", "{69DFB62C-4D57-491D-8433-EAAC2DD28E9C}"
EndProject
Project("{FAE04EC0-301F-11D3-BF4B-00C04F79EFBC}") = "App1_LayoutXF.Android", "App1_LayoutXF.Android\App1_LayoutXF.Android.csproj", "{E608CCC2-8DA6-4DA6-B2B9-49871DD8A974}"
EndProject
Project("{FAE04EC0-301F-11D3-BF4B-00C04F79EFBC}") = "App1_LayoutXF.iOS", "App1_LayoutXF.iOS\App1_LayoutXF.iOS.csproj", "{B9312FAA-63A1-4748-A459-6E142CA873E5}"
EndProject
Project("{FAE04EC0-301F-11D3-BF4B-00C04F79EFBC}") = "App1_LayoutXF", "App1_LayoutXF\App1_LayoutXF.csproj", "{D6C41EFA-5C5B-42C6-94BC-AC6C7EEDF69A}"
EndProject
Global
	GlobalSection(SolutionConfigurationPlatforms) = preSolution
		Debug|Any CPU = Debug|Any CPU
		Debug|ARM = Debug|ARM
		Debug|iPhone = Debug|iPhone
		Debug|iPhoneSimulator = Debug|iPhoneSimulator
		Debug|x64 = Debug|x64
		Debug|x86 = Debug|x86
		Release|Any CPU = Release|Any CPU
		Release|ARM = Release|ARM
		Release|iPhone = Release|iPhone
		Release|iPhoneSimulator = Release|iPhoneSimulator
		Release|x64 = Release|x64
		Release|x86 = Release|x86
	EndGlobalSection
	GlobalSection(ProjectConfigurationPlatforms) = postSolution
		{69DFB62C-4D57-491D-8433-EAAC2DD28E9C}.Debug|Any CPU.ActiveCfg = Debug|x86
		{69DFB62C-4D57-491D-8433-EAAC2DD28E9C}.Debug|Any CPU.Build.0 = Debug|x86
		{69DFB62C-4D57-491D-8433-EAAC2DD28E9C}.Debug|Any CPU.Deploy.0 = Debug|x86
		{69DFB62C-4D57-491D-8433-EAAC2DD28E9C}.Debug|ARM.ActiveCfg = Debug|ARM
		{69DFB62C-4D57-491D-8433-EAAC2DD28E9C}.Debug|ARM.Build.0 = Debug|ARM
		{69DFB62C-4D57-491D-8433-EAAC2DD28E9C}.Debug|ARM.Deploy.0 = Debug|ARM
		{69DFB62C-4D57-491D-8433-EAAC2DD28E9C}.Debug|iPhone.ActiveCfg = Debug|x86
		{69DFB62C-4D57-491D-8433-EAAC2DD28E9C}.Debug|iPhone.Build.0 = Debug|x86
		{69DFB62C-4D57-491D-8433-EAAC2DD28E9C}.Debug|iPhone.Deploy.0 = Debug|x86
		{69DFB62C-4D57-491D-8433-EAAC2DD28E9C}.Debug|iPhoneSimulator.ActiveCfg = Debug|x86
		{69DFB62C-4D57-491D-8433-EAAC2DD28E9C}.Debug|iPhoneSimulator.Build.0 = Debug|x86
		{69DFB62C-4D57-491D-8433-EAAC2DD28E9C}.Debug|iPhoneSimulator.Deploy.0 = Debug|x86
		{69DFB62C-4D57-491D-8433-EAAC2DD28E9C}.Debug|x64.ActiveCfg = Debug|x64
		{69DFB62C-4D57-491D-8433-EAAC2DD28E9C}.Debug|x64.Build.0 = Debug|x64
		{69DFB62C-4D57-491D-8433-EAAC2DD28E9C}.Debug|x64.Deploy.0 = Debug|x64
		{69DFB62C-4D57-491D-8433-EAAC2DD28E9C}.Debug|x86.ActiveCfg = Debug|x86
		{69DFB62C-4D57-491D-8433-EAAC2DD28E9C}.Debug|x86.Build.0 = Debug|x86
		{69DFB62C-4D57-491D-8433-EAAC2DD28E9C}.Debug|x86.Deploy.0 = Debug|x86
		{69DFB62C-4D57-491D-8433-EAAC2DD28E9C}.Release|Any CPU.ActiveCfg = Release|x86
		{69DFB62C-4D57-491D-8433-EAAC2DD28E9C}.Release|Any CPU.Build.0 = Release|x86
		{69DFB62C-4D57-491D-8433-EAAC2DD28E9C}.Release|Any CPU.Deploy.0 = Release|x86
		{69DFB62C-4D57-491D-8433-EAAC2DD28E9C}.Release|ARM.ActiveCfg = Release|ARM
		{69DFB62C-4D57-491D-8433-EAAC2DD28E9C}.Release|ARM.Build.0 = Release|ARM
		{69DFB62C-4D57-491D-8433-EAAC2DD28E9C}.Release|ARM.Deploy.0 = Release|ARM
		{69DFB62C-4D57-491D-8433-EAAC2DD28E9C}.Release|iPhone.ActiveCfg = Release|x86
		{69DFB62C-4D57-491D-8433-EAAC2DD28E9C}.Release|iPhone.Build.0 = Release|x86
		{69DFB62C-4D57-491D-8433-EAAC2DD28E9C}.Release|iPhone.Deploy.0 = Release|x86
		{69DFB62C-4D57-491D-8433-EAAC2DD28E9C}.Release|iPhoneSimulator.ActiveCfg = Release|x86
		{69DFB62C-4D57-491D-8433-EAAC2DD28E9C}.Release|iPhoneSimulator.Build.0 = Release|x86
		{69DFB62C-4D57-491D-8433-EAAC2DD28E9C}.Release|iPhoneSimulator.Deploy.0 = Release|x86
		{69DFB62C-4D57-491D-8433-EAAC2DD28E9C}.Release|x64.ActiveCfg = Release|x64
		{69DFB62C-4D57-491D-8433-EAAC2DD28E9C}.Release|x64.Build.0 = Release|x64
		{69DFB62C-4D57-491D-8433-EAAC2DD28E9C}.Release|x64.Deploy.0 = Release|x64
		{69DFB62C-4D57-491D-8433-EAAC2DD28E9C}.Release|x86.ActiveCfg = Release|x86
		{69DFB62C-4D57-491D-8433-EAAC2DD28E9C}.Release|x86.Build.0 = Release|x86
		{69DFB62C-4D57-491D-8433-EAAC2DD28E9C}.Release|x86.Deploy.0 = Release|x86
		{E608CCC2-8DA6-4DA6-B2B9-49871DD8A974}.Debug|Any CPU.ActiveCfg = Debug|Any CPU
		{E608CCC2-8DA6-4DA6-B2B9-49871DD8A974}.Debug|Any CPU.Build.0 = Debug|Any CPU
		{E608CCC2-8DA6-4DA6-B2B9-49871DD8A974}.Debug|Any CPU.Deploy.0 = Debug|Any CPU
		{E608CCC2-8DA6-4DA6-B2B9-49871DD8A974}.Debug|ARM.ActiveCfg = Debug|Any CPU
		{E608CCC2-8DA6-4DA6-B2B9-49871DD8A974}.Debug|ARM.Build.0 = Debug|Any CPU
		{E608CCC2-8DA6-4DA6-B2B9-49871DD8A974}.Debug|ARM.Deploy.0 = Debug|Any CPU
		{E608CCC2-8DA6-4DA6-B2B9-49871DD8A974}.Debug|iPhone.ActiveCfg = Debug|Any CPU
		{E608CCC2-8DA6-4DA6-B2B9-49871DD8A974}.Debug|iPhone.Build.0 = Debug|Any CPU
		{E608CCC2-8DA6-4DA6-B2B9-49871DD8A974}.Debug|iPhone.Deploy.0 = Debug|Any CPU
		{E608CCC2-8DA6-4DA6-B2B9-49871DD8A974}.Debug|iPhoneSimulator.ActiveCfg = Debug|Any CPU
		{E608CCC2-8DA6-4DA6-B2B9-49871DD8A974}.Debug|iPhoneSimulator.Build.0 = Debug|Any CPU
		{E608CCC2-8DA6-4DA6-B2B9-49871DD8A974}.Debug|iPhoneSimulator.Deploy.0 = Debug|Any CPU
		{E608CCC2-8DA6-4DA6-B2B9-49871DD8A974}.Debug|x64.ActiveCfg = Debug|Any CPU
		{E608CCC2-8DA6-4DA6-B2B9-49871DD8A974}.Debug|x64.Build.0 = Debug|Any CPU
		{E608CCC2-8DA6-4DA6-B2B9-49871DD8A974}.Debug|x64.Deploy.0 = Debug|Any CPU
		{E608CCC2-8DA6-4DA6-B2B9-49871DD8A974}.Debug|x86.ActiveCfg = Debug|Any CPU
		{E608CCC2-8DA6-4DA6-B2B9-49871DD8A974}.Debug|x86.Build.0 = Debug|Any CPU
		{E608CCC2-8DA6-4DA6-B2B9-49871DD8A974}.Debug|x86.Deploy.0 = Debug|Any CPU
		{E608CCC2-8DA6-4DA6-B2B9-49871DD8A974}.Release|Any CPU.ActiveCfg = Release|Any CPU
		{E608CCC2-8DA6-4DA6-B2B9-49871DD8A974}.Release|Any CPU.Build.0 = Release|Any CPU
		{E608CCC2-8DA6-4DA6-B2B9-49871DD8A974}.Release|Any CPU.Deploy.0 = Release|Any CPU
		{E608CCC2-8DA6-4DA6-B2B9-49871DD8A974}.Release|ARM.ActiveCfg = Release|Any CPU
		{E608CCC2-8DA6-4DA6-B2B9-49871DD8A974}.Release|ARM.Build.0 = Release|Any CPU
		{E608CCC2-8DA6-4DA6-B2B9-49871DD8A974}.Release|ARM.Deploy.0 = Release|Any CPU
		{E608CCC2-8DA6-4DA6-B2B9-49871DD8A974}.Release|iPhone.ActiveCfg = Release|Any CPU
		{E608CCC2-8DA6-4DA6-B2B9-49871DD8A974}.Release|iPhone.Build.0 = Release|Any CPU
		{E608CCC2-8DA6-4DA6-B2B9-49871DD8A974}.Release|iPhone.Deploy.0 = Release|Any CPU
		{E608CCC2-8DA6-4DA6-B2B9-49871DD8A974}.Release|iPhoneSimulator.ActiveCfg = Release|Any CPU
		{E608CCC2-8DA6-4DA6-B2B9-49871DD8A974}.Release|iPhoneSimulator.Build.0 = Release|Any CPU
		{E608CCC2-8DA6-4DA6-B2B9-49871DD8A974}.Release|iPhoneSimulator.Deploy.0 = Release|Any CPU
		{E608CCC2-8DA6-4DA6-B2B9-49871DD8A974}.Release|x64.ActiveCfg = Release|Any CPU
		{E608CCC2-8DA6-4DA6-B2B9-49871DD8A974}.Release|x64.Build.0 = Release|Any CPU
		{E608CCC2-8DA6-4DA6-B2B9-49871DD8A974}.Release|x64.Deploy.0 = Release|Any CPU
		{E608CCC2-8DA6-4DA6-B2B9-49871DD8A974}.Release|x86.ActiveCfg = Release|Any CPU
		{E608CCC2-8DA6-4DA6-B2B9-49871DD8A974}.Release|x86.Build.0 = Release|Any CPU
		{E608CCC2-8DA6-4DA6-B2B9-49871DD8A974}.Release|x86.Deploy.0 = Release|Any CPU
		{B9312FAA-63A1-4748-A459-6E142CA873E5}.Debug|Any CPU.ActiveCfg = Debug|iPhone
		{B9312FAA-63A1-4748-A459-6E142CA873E5}.Debug|Any CPU.Build.0 = Debug|iPhone
		{B9312FAA-63A1-4748-A459-6E142CA873E5}.Debug|Any CPU.Deploy.0 = Debug|iPhone
		{B9312FAA-63A1-4748-A459-6E142CA873E5}.Debug|ARM.ActiveCfg = Debug|iPhone
		{B9312FAA-63A1-4748-A459-6E142CA873E5}.Debug|ARM.Build.0 = Debug|iPhone
		{B9312FAA-63A1-4748-A459-6E142CA873E5}.Debug|ARM.Deploy.0 = Debug|iPhone
		{B9312FAA-63A1-4748-A459-6E142CA873E5}.Debug|iPhone.ActiveCfg = Debug|iPhone
		{B9312FAA-63A1-4748-A459-6E142CA873E5}.Debug|iPhone.Build.0 = Debug|iPhone
		{B9312FAA-63A1-4748-A459-6E142CA873E5}.Debug|iPhone.Deploy.0 = Debug|iPhone
		{B9312FAA-63A1-4748-A459-6E142CA873E5}.Debug|iPhoneSimulator.ActiveCfg = Debug|iPhoneSimulator
		{B9312FAA-63A1-4748-A459-6E142CA873E5}.Debug|iPhoneSimulator.Build.0 = Debug|iPhoneSimulator
		{B9312FAA-63A1-4748-A459-6E142CA873E5}.Debug|iPhoneSimulator.Deploy.0 = Debug|iPhoneSimulator
		{B9312FAA-63A1-4748-A459-6E142CA873E5}.Debug|x64.ActiveCfg = Debug|iPhone
		{B9312FAA-63A1-4748-A459-6E142CA873E5}.Debug|x64.Build.0 = Debug|iPhone
		{B9312FAA-63A1-4748-A459-6E142CA873E5}.Debug|x64.Deploy.0 = Debug|iPhone
		{B9312FAA-63A1-4748-A459-6E142CA873E5}.Debug|x86.ActiveCfg = Debug|iPhone
		{B9312FAA-63A1-4748-A459-6E142CA873E5}.Debug|x86.Build.0 = Debug|iPhone
		{B9312FAA-63A1-4748-A459-6E142CA873E5}.Debug|x86.Deploy.0 = Debug|iPhone
		{B9312FAA-63A1-4748-A459-6E142CA873E5}.Release|Any CPU.ActiveCfg = Release|iPhone
		{B9312FAA-63A1-4748-A459-6E142CA873E5}.Release|Any CPU.Build.0 = Release|iPhone
		{B9312FAA-63A1-4748-A459-6E142CA873E5}.Release|Any CPU.Deploy.0 = Release|iPhone
		{B9312FAA-63A1-4748-A459-6E142CA873E5}.Release|ARM.ActiveCfg = Release|iPhone
		{B9312FAA-63A1-4748-A459-6E142CA873E5}.Release|ARM.Build.0 = Release|iPhone
		{B9312FAA-63A1-4748-A459-6E142CA873E5}.Release|ARM.Deploy.0 = Release|iPhone
		{B9312FAA-63A1-4748-A459-6E142CA873E5}.Release|iPhone.ActiveCfg = Release|iPhone
		{B9312FAA-63A1-4748-A459-6E142CA873E5}.Release|iPhone.Build.0 = Release|iPhone
		{B9312FAA-63A1-4748-A459-6E142CA873E5}.Release|iPhone.Deploy.0 = Release|iPhone
		{B9312FAA-63A1-4748-A459-6E142CA873E5}.Release|iPhoneSimulator.ActiveCfg = Release|iPhoneSimulator
		{B9312FAA-63A1-4748-A459-6E142CA873E5}.Release|iPhoneSimulator.Build.0 = Release|iPhoneSimulator
		{B9312FAA-63A1-4748-A459-6E142CA873E5}.Release|iPhoneSimulator.Deploy.0 = Release|iPhoneSimulator
		{B9312FAA-63A1-4748-A459-6E142CA873E5}.Release|x64.ActiveCfg = Release|iPhone
		{B9312FAA-63A1-4748-A459-6E142CA873E5}.Release|x64.Build.0 = Release|iPhone
		{B9312FAA-63A1-4748-A459-6E142CA873E5}.Release|x64.Deploy.0 = Release|iPhone
		{B9312FAA-63A1-4748-A459-6E142CA873E5}.Release|x86.ActiveCfg = Release|iPhone
		{B9312FAA-63A1-4748-A459-6E142CA873E5}.Release|x86.Build.0 = Release|iPhone
		{B9312FAA-63A1-4748-A459-6E142CA873E5}.Release|x86.Deploy.0 = Release|iPhone
		{D6C41EFA-5C5B-42C6-94BC-AC6C7EEDF69A}.Debug|Any CPU.ActiveCfg = Debug|Any CPU
		{D6C41EFA-5C5B-42C6-94BC-AC6C7EEDF69A}.Debug|Any CPU.Build.0 = Debug|Any CPU
		{D6C41EFA-5C5B-42C6-94BC-AC6C7EEDF69A}.Debug|Any CPU.Deploy.0 = Debug|Any CPU
		{D6C41EFA-5C5B-42C6-94BC-AC6C7EEDF69A}.Debug|ARM.ActiveCfg = Debug|Any CPU
		{D6C41EFA-5C5B-42C6-94BC-AC6C7EEDF69A}.Debug|ARM.Build.0 = Debug|Any CPU
		{D6C41EFA-5C5B-42C6-94BC-AC6C7EEDF69A}.Debug|ARM.Deploy.0 = Debug|Any CPU
		{D6C41EFA-5C5B-42C6-94BC-AC6C7EEDF69A}.Debug|iPhone.ActiveCfg = Debug|Any CPU
		{D6C41EFA-5C5B-42C6-94BC-AC6C7EEDF69A}.Debug|iPhone.Build.0 = Debug|Any CPU
		{D6C41EFA-5C5B-42C6-94BC-AC6C7EEDF69A}.Debug|iPhone.Deploy.0 = Debug|Any CPU
		{D6C41EFA-5C5B-42C6-94BC-AC6C7EEDF69A}.Debug|iPhoneSimulator.ActiveCfg = Debug|Any CPU
		{D6C41EFA-5C5B-42C6-94BC-AC6C7EEDF69A}.Debug|iPhoneSimulator.Build.0 = Debug|Any CPU
		{D6C41EFA-5C5B-42C6-94BC-AC6C7EEDF69A}.Debug|iPhoneSimulator.Deploy.0 = Debug|Any CPU
		{D6C41EFA-5C5B-42C6-94BC-AC6C7EEDF69A}.Debug|x64.ActiveCfg = Debug|Any CPU
		{D6C41EFA-5C5B-42C6-94BC-AC6C7EEDF69A}.Debug|x64.Build.0 = Debug|Any CPU
		{D6C41EFA-5C5B-42C6-94BC-AC6C7EEDF69A}.Debug|x64.Deploy.0 = Debug|Any CPU
		{D6C41EFA-5C5B-42C6-94BC-AC6C7EEDF69A}.Debug|x86.ActiveCfg = Debug|Any CPU
		{D6C41EFA-5C5B-42C6-94BC-AC6C7EEDF69A}.Debug|x86.Build.0 = Debug|Any CPU
		{D6C41EFA-5C5B-42C6-94BC-AC6C7EEDF69A}.Debug|x86.Deploy.0 = Debug|Any CPU
		{D6C41EFA-5C5B-42C6-94BC-AC6C7EEDF69A}.Release|Any CPU.ActiveCfg = Release|Any CPU
		{D6C41EFA-5C5B-42C6-94BC-AC6C7EEDF69A}.Release|Any CPU.Build.0 = Release|Any CPU
		{D6C41EFA-5C5B-42C6-94BC-AC6C7EEDF69A}.Release|Any CPU.Deploy.0 = Release|Any CPU
		{D6C41EFA-5C5B-42C6-94BC-AC6C7EEDF69A}.Release|ARM.ActiveCfg = Release|Any CPU
		{D6C41EFA-5C5B-42C6-94BC-AC6C7EEDF69A}.Release|ARM.Build.0 = Release|Any CPU
		{D6C41EFA-5C5B-42C6-94BC-AC6C7EEDF69A}.Release|ARM.Deploy.0 = Release|Any CPU
		{D6C41EFA-5C5B-42C6-94BC-AC6C7EEDF69A}.Release|iPhone.ActiveCfg = Release|Any CPU
		{D6C41EFA-5C5B-42C6-94BC-AC6C7EEDF69A}.Release|iPhone.Build.0 = Release|Any CPU
		{D6C41EFA-5C5B-42C6-94BC-AC6C7EEDF69A}.Release|iPhone.Deploy.0 = Release|Any CPU
		{D6C41EFA-5C5B-42C6-94BC-AC6C7EEDF69A}.Release|iPhoneSimulator.ActiveCfg = Release|Any CPU
		{D6C41EFA-5C5B-42C6-94BC-AC6C7EEDF69A}.Release|iPhoneSimulator.Build.0 = Release|Any CPU
		{D6C41EFA-5C5B-42C6-94BC-AC6C7EEDF69A}.Release|iPhoneSimulator.Deploy.0 = Release|Any CPU
		{D6C41EFA-5C5B-42C6-94BC-AC6C7EEDF69A}.Release|x64.ActiveCfg = Release|Any CPU
		{D6C41EFA-5C5B-42C6-94BC-AC6C7EEDF69A}.Release|x64.Build.0 = Release|Any CPU
		{D6C41EFA-5C5B-42C6-94BC-AC6C7EEDF69A}.Release|x64.Deploy.0 = Release|Any CPU
		{D6C41EFA-5C5B-42C6-94BC-AC6C7EEDF69A}.Release|x86.ActiveCfg = Release|Any CPU
		{D6C41EFA-5C5B-42C6-94BC-AC6C7EEDF69A}.Release|x86.Build.0 = Release|Any CPU
		{D6C41EFA-5C5B-42C6-94BC-AC6C7EEDF69A}.Release|x86.Deploy.0 = Release|Any CPU
	EndGlobalSection
	GlobalSection(SolutionProperties) = preSolution
		HideSolutionNode = FALSE
	EndGlobalSection
	GlobalSection(ExtensibilityGlobals) = postSolution
		SolutionGuid = {A66D2832-7E66-41FF-830D-D60FDD35CA8A}
	EndGlobalSection
EndGlobal
