
Microsoft Visual Studio Solution File, Format Version 12.00
# Visual Studio Version 16
VisualStudioVersion = 16.0.30225.117
MinimumVisualStudioVersion = 10.0.40219.1
Project("{FAE04EC0-301F-11D3-BF4B-00C04F79EFBC}") = "App2_TipoPaginaXF.UWP", "App2_TipoPaginaXF.UWP\App2_TipoPaginaXF.UWP.csproj", "{572E6F46-4718-4F77-9E7A-3D65B1C4AAE8}"
EndProject
Project("{FAE04EC0-301F-11D3-BF4B-00C04F79EFBC}") = "App2_TipoPaginaXF.Android", "App2_TipoPaginaXF.Android\App2_TipoPaginaXF.Android.csproj", "{8C8C938D-6EFD-49E4-8977-6052E2DE7A2C}"
EndProject
Project("{FAE04EC0-301F-11D3-BF4B-00C04F79EFBC}") = "App2_TipoPaginaXF.iOS", "App2_TipoPaginaXF.iOS\App2_TipoPaginaXF.iOS.csproj", "{23156863-C01B-476D-B7D9-CA8220FD9276}"
EndProject
Project("{FAE04EC0-301F-11D3-BF4B-00C04F79EFBC}") = "App2_TipoPaginaXF", "App2_TipoPaginaXF\App2_TipoPaginaXF.csproj", "{C67CDC9D-3DB0-4C8B-B4EC-65035C9A50B2}"
EndProject
Global
	GlobalSection(SolutionConfigurationPlatforms) = preSolution
		Debug|Any CPU = Debug|Any CPU
		Debug|ARM = Debug|ARM
		Debug|iPhone = Debug|iPhone
		Debug|iPhoneSimulator = Debug|iPhoneSimulator
		Debug|x64 = Debug|x64
		Debug|x86 = Debug|x86
		Release|Any CPU = Release|Any CPU
		Release|ARM = Release|ARM
		Release|iPhone = Release|iPhone
		Release|iPhoneSimulator = Release|iPhoneSimulator
		Release|x64 = Release|x64
		Release|x86 = Release|x86
	EndGlobalSection
	GlobalSection(ProjectConfigurationPlatforms) = postSolution
		{572E6F46-4718-4F77-9E7A-3D65B1C4AAE8}.Debug|Any CPU.ActiveCfg = Debug|x86
		{572E6F46-4718-4F77-9E7A-3D65B1C4AAE8}.Debug|Any CPU.Build.0 = Debug|x86
		{572E6F46-4718-4F77-9E7A-3D65B1C4AAE8}.Debug|Any CPU.Deploy.0 = Debug|x86
		{572E6F46-4718-4F77-9E7A-3D65B1C4AAE8}.Debug|ARM.ActiveCfg = Debug|ARM
		{572E6F46-4718-4F77-9E7A-3D65B1C4AAE8}.Debug|ARM.Build.0 = Debug|ARM
		{572E6F46-4718-4F77-9E7A-3D65B1C4AAE8}.Debug|ARM.Deploy.0 = Debug|ARM
		{572E6F46-4718-4F77-9E7A-3D65B1C4AAE8}.Debug|iPhone.ActiveCfg = Debug|x86
		{572E6F46-4718-4F77-9E7A-3D65B1C4AAE8}.Debug|iPhone.Build.0 = Debug|x86
		{572E6F46-4718-4F77-9E7A-3D65B1C4AAE8}.Debug|iPhone.Deploy.0 = Debug|x86
		{572E6F46-4718-4F77-9E7A-3D65B1C4AAE8}.Debug|iPhoneSimulator.ActiveCfg = Debug|x86
		{572E6F46-4718-4F77-9E7A-3D65B1C4AAE8}.Debug|iPhoneSimulator.Build.0 = Debug|x86
		{572E6F46-4718-4F77-9E7A-3D65B1C4AAE8}.Debug|iPhoneSimulator.Deploy.0 = Debug|x86
		{572E6F46-4718-4F77-9E7A-3D65B1C4AAE8}.Debug|x64.ActiveCfg = Debug|x64
		{572E6F46-4718-4F77-9E7A-3D65B1C4AAE8}.Debug|x64.Build.0 = Debug|x64
		{572E6F46-4718-4F77-9E7A-3D65B1C4AAE8}.Debug|x64.Deploy.0 = Debug|x64
		{572E6F46-4718-4F77-9E7A-3D65B1C4AAE8}.Debug|x86.ActiveCfg = Debug|x86
		{572E6F46-4718-4F77-9E7A-3D65B1C4AAE8}.Debug|x86.Build.0 = Debug|x86
		{572E6F46-4718-4F77-9E7A-3D65B1C4AAE8}.Debug|x86.Deploy.0 = Debug|x86
		{572E6F46-4718-4F77-9E7A-3D65B1C4AAE8}.Release|Any CPU.ActiveCfg = Release|x86
		{572E6F46-4718-4F77-9E7A-3D65B1C4AAE8}.Release|Any CPU.Build.0 = Release|x86
		{572E6F46-4718-4F77-9E7A-3D65B1C4AAE8}.Release|Any CPU.Deploy.0 = Release|x86
		{572E6F46-4718-4F77-9E7A-3D65B1C4AAE8}.Release|ARM.ActiveCfg = Release|ARM
		{572E6F46-4718-4F77-9E7A-3D65B1C4AAE8}.Release|ARM.Build.0 = Release|ARM
		{572E6F46-4718-4F77-9E7A-3D65B1C4AAE8}.Release|ARM.Deploy.0 = Release|ARM
		{572E6F46-4718-4F77-9E7A-3D65B1C4AAE8}.Release|iPhone.ActiveCfg = Release|x86
		{572E6F46-4718-4F77-9E7A-3D65B1C4AAE8}.Release|iPhone.Build.0 = Release|x86
		{572E6F46-4718-4F77-9E7A-3D65B1C4AAE8}.Release|iPhone.Deploy.0 = Release|x86
		{572E6F46-4718-4F77-9E7A-3D65B1C4AAE8}.Release|iPhoneSimulator.ActiveCfg = Release|x86
		{572E6F46-4718-4F77-9E7A-3D65B1C4AAE8}.Release|iPhoneSimulator.Build.0 = Release|x86
		{572E6F46-4718-4F77-9E7A-3D65B1C4AAE8}.Release|iPhoneSimulator.Deploy.0 = Release|x86
		{572E6F46-4718-4F77-9E7A-3D65B1C4AAE8}.Release|x64.ActiveCfg = Release|x64
		{572E6F46-4718-4F77-9E7A-3D65B1C4AAE8}.Release|x64.Build.0 = Release|x64
		{572E6F46-4718-4F77-9E7A-3D65B1C4AAE8}.Release|x64.Deploy.0 = Release|x64
		{572E6F46-4718-4F77-9E7A-3D65B1C4AAE8}.Release|x86.ActiveCfg = Release|x86
		{572E6F46-4718-4F77-9E7A-3D65B1C4AAE8}.Release|x86.Build.0 = Release|x86
		{572E6F46-4718-4F77-9E7A-3D65B1C4AAE8}.Release|x86.Deploy.0 = Release|x86
		{8C8C938D-6EFD-49E4-8977-6052E2DE7A2C}.Debug|Any CPU.ActiveCfg = Debug|Any CPU
		{8C8C938D-6EFD-49E4-8977-6052E2DE7A2C}.Debug|Any CPU.Build.0 = Debug|Any CPU
		{8C8C938D-6EFD-49E4-8977-6052E2DE7A2C}.Debug|Any CPU.Deploy.0 = Debug|Any CPU
		{8C8C938D-6EFD-49E4-8977-6052E2DE7A2C}.Debug|ARM.ActiveCfg = Debug|Any CPU
		{8C8C938D-6EFD-49E4-8977-6052E2DE7A2C}.Debug|ARM.Build.0 = Debug|Any CPU
		{8C8C938D-6EFD-49E4-8977-6052E2DE7A2C}.Debug|ARM.Deploy.0 = Debug|Any CPU
		{8C8C938D-6EFD-49E4-8977-6052E2DE7A2C}.Debug|iPhone.ActiveCfg = Debug|Any CPU
		{8C8C938D-6EFD-49E4-8977-6052E2DE7A2C}.Debug|iPhone.Build.0 = Debug|Any CPU
		{8C8C938D-6EFD-49E4-8977-6052E2DE7A2C}.Debug|iPhone.Deploy.0 = Debug|Any CPU
		{8C8C938D-6EFD-49E4-8977-6052E2DE7A2C}.Debug|iPhoneSimulator.ActiveCfg = Debug|Any CPU
		{8C8C938D-6EFD-49E4-8977-6052E2DE7A2C}.Debug|iPhoneSimulator.Build.0 = Debug|Any CPU
		{8C8C938D-6EFD-49E4-8977-6052E2DE7A2C}.Debug|iPhoneSimulator.Deploy.0 = Debug|Any CPU
		{8C8C938D-6EFD-49E4-8977-6052E2DE7A2C}.Debug|x64.ActiveCfg = Debug|Any CPU
		{8C8C938D-6EFD-49E4-8977-6052E2DE7A2C}.Debug|x64.Build.0 = Debug|Any CPU
		{8C8C938D-6EFD-49E4-8977-6052E2DE7A2C}.Debug|x64.Deploy.0 = Debug|Any CPU
		{8C8C938D-6EFD-49E4-8977-6052E2DE7A2C}.Debug|x86.ActiveCfg = Debug|Any CPU
		{8C8C938D-6EFD-49E4-8977-6052E2DE7A2C}.Debug|x86.Build.0 = Debug|Any CPU
		{8C8C938D-6EFD-49E4-8977-6052E2DE7A2C}.Debug|x86.Deploy.0 = Debug|Any CPU
		{8C8C938D-6EFD-49E4-8977-6052E2DE7A2C}.Release|Any CPU.ActiveCfg = Release|Any CPU
		{8C8C938D-6EFD-49E4-8977-6052E2DE7A2C}.Release|Any CPU.Build.0 = Release|Any CPU
		{8C8C938D-6EFD-49E4-8977-6052E2DE7A2C}.Release|Any CPU.Deploy.0 = Release|Any CPU
		{8C8C938D-6EFD-49E4-8977-6052E2DE7A2C}.Release|ARM.ActiveCfg = Release|Any CPU
		{8C8C938D-6EFD-49E4-8977-6052E2DE7A2C}.Release|ARM.Build.0 = Release|Any CPU
		{8C8C938D-6EFD-49E4-8977-6052E2DE7A2C}.Release|ARM.Deploy.0 = Release|Any CPU
		{8C8C938D-6EFD-49E4-8977-6052E2DE7A2C}.Release|iPhone.ActiveCfg = Release|Any CPU
		{8C8C938D-6EFD-49E4-8977-6052E2DE7A2C}.Release|iPhone.Build.0 = Release|Any CPU
		{8C8C938D-6EFD-49E4-8977-6052E2DE7A2C}.Release|iPhone.Deploy.0 = Release|Any CPU
		{8C8C938D-6EFD-49E4-8977-6052E2DE7A2C}.Release|iPhoneSimulator.ActiveCfg = Release|Any CPU
		{8C8C938D-6EFD-49E4-8977-6052E2DE7A2C}.Release|iPhoneSimulator.Build.0 = Release|Any CPU
		{8C8C938D-6EFD-49E4-8977-6052E2DE7A2C}.Release|iPhoneSimulator.Deploy.0 = Release|Any CPU
		{8C8C938D-6EFD-49E4-8977-6052E2DE7A2C}.Release|x64.ActiveCfg = Release|Any CPU
		{8C8C938D-6EFD-49E4-8977-6052E2DE7A2C}.Release|x64.Build.0 = Release|Any CPU
		{8C8C938D-6EFD-49E4-8977-6052E2DE7A2C}.Release|x64.Deploy.0 = Release|Any CPU
		{8C8C938D-6EFD-49E4-8977-6052E2DE7A2C}.Release|x86.ActiveCfg = Release|Any CPU
		{8C8C938D-6EFD-49E4-8977-6052E2DE7A2C}.Release|x86.Build.0 = Release|Any CPU
		{8C8C938D-6EFD-49E4-8977-6052E2DE7A2C}.Release|x86.Deploy.0 = Release|Any CPU
		{23156863-C01B-476D-B7D9-CA8220FD9276}.Debug|Any CPU.ActiveCfg = Debug|iPhone
		{23156863-C01B-476D-B7D9-CA8220FD9276}.Debug|Any CPU.Build.0 = Debug|iPhone
		{23156863-C01B-476D-B7D9-CA8220FD9276}.Debug|Any CPU.Deploy.0 = Debug|iPhone
		{23156863-C01B-476D-B7D9-CA8220FD9276}.Debug|ARM.ActiveCfg = Debug|iPhone
		{23156863-C01B-476D-B7D9-CA8220FD9276}.Debug|ARM.Build.0 = Debug|iPhone
		{23156863-C01B-476D-B7D9-CA8220FD9276}.Debug|ARM.Deploy.0 = Debug|iPhone
		{23156863-C01B-476D-B7D9-CA8220FD9276}.Debug|iPhone.ActiveCfg = Debug|iPhone
		{23156863-C01B-476D-B7D9-CA8220FD9276}.Debug|iPhone.Build.0 = Debug|iPhone
		{23156863-C01B-476D-B7D9-CA8220FD9276}.Debug|iPhone.Deploy.0 = Debug|iPhone
		{23156863-C01B-476D-B7D9-CA8220FD9276}.Debug|iPhoneSimulator.ActiveCfg = Debug|iPhoneSimulator
		{23156863-C01B-476D-B7D9-CA8220FD9276}.Debug|iPhoneSimulator.Build.0 = Debug|iPhoneSimulator
		{23156863-C01B-476D-B7D9-CA8220FD9276}.Debug|iPhoneSimulator.Deploy.0 = Debug|iPhoneSimulator
		{23156863-C01B-476D-B7D9-CA8220FD9276}.Debug|x64.ActiveCfg = Debug|iPhone
		{23156863-C01B-476D-B7D9-CA8220FD9276}.Debug|x64.Build.0 = Debug|iPhone
		{23156863-C01B-476D-B7D9-CA8220FD9276}.Debug|x64.Deploy.0 = Debug|iPhone
		{23156863-C01B-476D-B7D9-CA8220FD9276}.Debug|x86.ActiveCfg = Debug|iPhone
		{23156863-C01B-476D-B7D9-CA8220FD9276}.Debug|x86.Build.0 = Debug|iPhone
		{23156863-C01B-476D-B7D9-CA8220FD9276}.Debug|x86.Deploy.0 = Debug|iPhone
		{23156863-C01B-476D-B7D9-CA8220FD9276}.Release|Any CPU.ActiveCfg = Release|iPhone
		{23156863-C01B-476D-B7D9-CA8220FD9276}.Release|Any CPU.Build.0 = Release|iPhone
		{23156863-C01B-476D-B7D9-CA8220FD9276}.Release|Any CPU.Deploy.0 = Release|iPhone
		{23156863-C01B-476D-B7D9-CA8220FD9276}.Release|ARM.ActiveCfg = Release|iPhone
		{23156863-C01B-476D-B7D9-CA8220FD9276}.Release|ARM.Build.0 = Release|iPhone
		{23156863-C01B-476D-B7D9-CA8220FD9276}.Release|ARM.Deploy.0 = Release|iPhone
		{23156863-C01B-476D-B7D9-CA8220FD9276}.Release|iPhone.ActiveCfg = Release|iPhone
		{23156863-C01B-476D-B7D9-CA8220FD9276}.Release|iPhone.Build.0 = Release|iPhone
		{23156863-C01B-476D-B7D9-CA8220FD9276}.Release|iPhone.Deploy.0 = Release|iPhone
		{23156863-C01B-476D-B7D9-CA8220FD9276}.Release|iPhoneSimulator.ActiveCfg = Release|iPhoneSimulator
		{23156863-C01B-476D-B7D9-CA8220FD9276}.Release|iPhoneSimulator.Build.0 = Release|iPhoneSimulator
		{23156863-C01B-476D-B7D9-CA8220FD9276}.Release|iPhoneSimulator.Deploy.0 = Release|iPhoneSimulator
		{23156863-C01B-476D-B7D9-CA8220FD9276}.Release|x64.ActiveCfg = Release|iPhone
		{23156863-C01B-476D-B7D9-CA8220FD9276}.Release|x64.Build.0 = Release|iPhone
		{23156863-C01B-476D-B7D9-CA8220FD9276}.Release|x64.Deploy.0 = Release|iPhone
		{23156863-C01B-476D-B7D9-CA8220FD9276}.Release|x86.ActiveCfg = Release|iPhone
		{23156863-C01B-476D-B7D9-CA8220FD9276}.Release|x86.Build.0 = Release|iPhone
		{23156863-C01B-476D-B7D9-CA8220FD9276}.Release|x86.Deploy.0 = Release|iPhone
		{C67CDC9D-3DB0-4C8B-B4EC-65035C9A50B2}.Debug|Any CPU.ActiveCfg = Debug|Any CPU
		{C67CDC9D-3DB0-4C8B-B4EC-65035C9A50B2}.Debug|Any CPU.Build.0 = Debug|Any CPU
		{C67CDC9D-3DB0-4C8B-B4EC-65035C9A50B2}.Debug|Any CPU.Deploy.0 = Debug|Any CPU
		{C67CDC9D-3DB0-4C8B-B4EC-65035C9A50B2}.Debug|ARM.ActiveCfg = Debug|Any CPU
		{C67CDC9D-3DB0-4C8B-B4EC-65035C9A50B2}.Debug|ARM.Build.0 = Debug|Any CPU
		{C67CDC9D-3DB0-4C8B-B4EC-65035C9A50B2}.Debug|ARM.Deploy.0 = Debug|Any CPU
		{C67CDC9D-3DB0-4C8B-B4EC-65035C9A50B2}.Debug|iPhone.ActiveCfg = Debug|Any CPU
		{C67CDC9D-3DB0-4C8B-B4EC-65035C9A50B2}.Debug|iPhone.Build.0 = Debug|Any CPU
		{C67CDC9D-3DB0-4C8B-B4EC-65035C9A50B2}.Debug|iPhone.Deploy.0 = Debug|Any CPU
		{C67CDC9D-3DB0-4C8B-B4EC-65035C9A50B2}.Debug|iPhoneSimulator.ActiveCfg = Debug|Any CPU
		{C67CDC9D-3DB0-4C8B-B4EC-65035C9A50B2}.Debug|iPhoneSimulator.Build.0 = Debug|Any CPU
		{C67CDC9D-3DB0-4C8B-B4EC-65035C9A50B2}.Debug|iPhoneSimulator.Deploy.0 = Debug|Any CPU
		{C67CDC9D-3DB0-4C8B-B4EC-65035C9A50B2}.Debug|x64.ActiveCfg = Debug|Any CPU
		{C67CDC9D-3DB0-4C8B-B4EC-65035C9A50B2}.Debug|x64.Build.0 = Debug|Any CPU
		{C67CDC9D-3DB0-4C8B-B4EC-65035C9A50B2}.Debug|x64.Deploy.0 = Debug|Any CPU
		{C67CDC9D-3DB0-4C8B-B4EC-65035C9A50B2}.Debug|x86.ActiveCfg = Debug|Any CPU
		{C67CDC9D-3DB0-4C8B-B4EC-65035C9A50B2}.Debug|x86.Build.0 = Debug|Any CPU
		{C67CDC9D-3DB0-4C8B-B4EC-65035C9A50B2}.Debug|x86.Deploy.0 = Debug|Any CPU
		{C67CDC9D-3DB0-4C8B-B4EC-65035C9A50B2}.Release|Any CPU.ActiveCfg = Release|Any CPU
		{C67CDC9D-3DB0-4C8B-B4EC-65035C9A50B2}.Release|Any CPU.Build.0 = Release|Any CPU
		{C67CDC9D-3DB0-4C8B-B4EC-65035C9A50B2}.Release|Any CPU.Deploy.0 = Release|Any CPU
		{C67CDC9D-3DB0-4C8B-B4EC-65035C9A50B2}.Release|ARM.ActiveCfg = Release|Any CPU
		{C67CDC9D-3DB0-4C8B-B4EC-65035C9A50B2}.Release|ARM.Build.0 = Release|Any CPU
		{C67CDC9D-3DB0-4C8B-B4EC-65035C9A50B2}.Release|ARM.Deploy.0 = Release|Any CPU
		{C67CDC9D-3DB0-4C8B-B4EC-65035C9A50B2}.Release|iPhone.ActiveCfg = Release|Any CPU
		{C67CDC9D-3DB0-4C8B-B4EC-65035C9A50B2}.Release|iPhone.Build.0 = Release|Any CPU
		{C67CDC9D-3DB0-4C8B-B4EC-65035C9A50B2}.Release|iPhone.Deploy.0 = Release|Any CPU
		{C67CDC9D-3DB0-4C8B-B4EC-65035C9A50B2}.Release|iPhoneSimulator.ActiveCfg = Release|Any CPU
		{C67CDC9D-3DB0-4C8B-B4EC-65035C9A50B2}.Release|iPhoneSimulator.Build.0 = Release|Any CPU
		{C67CDC9D-3DB0-4C8B-B4EC-65035C9A50B2}.Release|iPhoneSimulator.Deploy.0 = Release|Any CPU
		{C67CDC9D-3DB0-4C8B-B4EC-65035C9A50B2}.Release|x64.ActiveCfg = Release|Any CPU
		{C67CDC9D-3DB0-4C8B-B4EC-65035C9A50B2}.Release|x64.Build.0 = Release|Any CPU
		{C67CDC9D-3DB0-4C8B-B4EC-65035C9A50B2}.Release|x64.Deploy.0 = Release|Any CPU
		{C67CDC9D-3DB0-4C8B-B4EC-65035C9A50B2}.Release|x86.ActiveCfg = Release|Any CPU
		{C67CDC9D-3DB0-4C8B-B4EC-65035C9A50B2}.Release|x86.Build.0 = Release|Any CPU
		{C67CDC9D-3DB0-4C8B-B4EC-65035C9A50B2}.Release|x86.Deploy.0 = Release|Any CPU
	EndGlobalSection
	GlobalSection(SolutionProperties) = preSolution
		HideSolutionNode = FALSE
	EndGlobalSection
	GlobalSection(ExtensibilityGlobals) = postSolution
		SolutionGuid = {F1CAF701-CD98-40B5-AADE-729E58FEAE7A}
	EndGlobalSection
EndGlobal
